
Microsoft Visual Studio Solution File, Format Version 11.00
# Visual Studio 2010
Project("{FAE04EC0-301F-11D3-BF4B-00C04F79EFBC}") = "Assembly-CSharp", "Assembly-CSharp.csproj", "{23149196-3E3A-669D-845A-E850AE1610B6}"
EndProject
Project("{FAE04EC0-301F-11D3-BF4B-00C04F79EFBC}") = "Assembly-CSharp-Editor", "Assembly-CSharp-Editor.csproj", "{F5FAE3B1-FD76-940A-2230-51491B33749B}"
EndProject
Global
	GlobalSection(SolutionConfigurationPlatforms) = preSolution
		Debug|Any CPU = Debug|Any CPU
		Release|Any CPU = Release|Any CPU
	EndGlobalSection
	GlobalSection(ProjectConfigurationPlatforms) = postSolution
		{23149196-3E3A-669D-845A-E850AE1610B6}.Debug|Any CPU.ActiveCfg = Debug|Any CPU
		{23149196-3E3A-669D-845A-E850AE1610B6}.Debug|Any CPU.Build.0 = Debug|Any CPU
		{23149196-3E3A-669D-845A-E850AE1610B6}.Release|Any CPU.ActiveCfg = Release|Any CPU
		{23149196-3E3A-669D-845A-E850AE1610B6}.Release|Any CPU.Build.0 = Release|Any CPU
		{F5FAE3B1-FD76-940A-2230-51491B33749B}.Debug|Any CPU.ActiveCfg = Debug|Any CPU
		{F5FAE3B1-FD76-940A-2230-51491B33749B}.Debug|Any CPU.Build.0 = Debug|Any CPU
		{F5FAE3B1-FD76-940A-2230-51491B33749B}.Release|Any CPU.ActiveCfg = Release|Any CPU
		{F5FAE3B1-FD76-940A-2230-51491B33749B}.Release|Any CPU.Build.0 = Release|Any CPU
	EndGlobalSection
	GlobalSection(SolutionProperties) = preSolution
		HideSolutionNode = FALSE
	EndGlobalSection
EndGlobal
